
Microsoft Visual Studio Solution File, Format Version 12.00
# Visual Studio Version 16
VisualStudioVersion = 16.0.30225.117
MinimumVisualStudioVersion = 10.0.40219.1
Project("{FAE04EC0-301F-11D3-BF4B-00C04F79EFBC}") = "TouristSystemswebproyect", "Tourist Systems web proyect\TouristSystemswebproyect.csproj", "{52B46409-D764-4BE1-94AD-FFC201AF241A}"
EndProject
Global
	GlobalSection(SolutionConfigurationPlatforms) = preSolution
		Debug|Any CPU = Debug|Any CPU
		Release|Any CPU = Release|Any CPU
	EndGlobalSection
	GlobalSection(ProjectConfigurationPlatforms) = postSolution
		{52B46409-D764-4BE1-94AD-FFC201AF241A}.Debug|Any CPU.ActiveCfg = Debug|Any CPU
		{52B46409-D764-4BE1-94AD-FFC201AF241A}.Debug|Any CPU.Build.0 = Debug|Any CPU
		{52B46409-D764-4BE1-94AD-FFC201AF241A}.Release|Any CPU.ActiveCfg = Release|Any CPU
		{52B46409-D764-4BE1-94AD-FFC201AF241A}.Release|Any CPU.Build.0 = Release|Any CPU
	EndGlobalSection
	GlobalSection(SolutionProperties) = preSolution
		HideSolutionNode = FALSE
	EndGlobalSection
	GlobalSection(ExtensibilityGlobals) = postSolution
		SolutionGuid = {BCFF64F7-72B2-4CEB-B289-301E159E3319}
	EndGlobalSection
EndGlobal
